
Microsoft Visual Studio Solution File, Format Version 12.00
# Visual Studio Version 17
VisualStudioVersion = 17.6.33829.357
MinimumVisualStudioVersion = 10.0.40219.1
Project("{8BC9CEB8-8B4A-11D0-8D11-00A0C91BC942}") = "BOJ", "BOJ\BOJ.vcxproj", "{F7E974C1-E85F-4435-9EB7-7B7B6ECFACAE}"
EndProject
Global
	GlobalSection(SolutionConfigurationPlatforms) = preSolution
		Debug|x64 = Debug|x64
		Debug|x86 = Debug|x86
		Release|x64 = Release|x64
		Release|x86 = Release|x86
	EndGlobalSection
	GlobalSection(ProjectConfigurationPlatforms) = postSolution
		{F7E974C1-E85F-4435-9EB7-7B7B6ECFACAE}.Debug|x64.ActiveCfg = Debug|x64
		{F7E974C1-E85F-4435-9EB7-7B7B6ECFACAE}.Debug|x64.Build.0 = Debug|x64
		{F7E974C1-E85F-4435-9EB7-7B7B6ECFACAE}.Debug|x86.ActiveCfg = Debug|Win32
		{F7E974C1-E85F-4435-9EB7-7B7B6ECFACAE}.Debug|x86.Build.0 = Debug|Win32
		{F7E974C1-E85F-4435-9EB7-7B7B6ECFACAE}.Release|x64.ActiveCfg = Release|x64
		{F7E974C1-E85F-4435-9EB7-7B7B6ECFACAE}.Release|x64.Build.0 = Release|x64
		{F7E974C1-E85F-4435-9EB7-7B7B6ECFACAE}.Release|x86.ActiveCfg = Release|Win32
		{F7E974C1-E85F-4435-9EB7-7B7B6ECFACAE}.Release|x86.Build.0 = Release|Win32
	EndGlobalSection
	GlobalSection(SolutionProperties) = preSolution
		HideSolutionNode = FALSE
	EndGlobalSection
	GlobalSection(ExtensibilityGlobals) = postSolution
		SolutionGuid = {90D8B12D-B151-48D5-AB85-4903DD80750E}
	EndGlobalSection
EndGlobal
